{
  "version": 4,
  "terraform_version": "1.13.1",
  "serial": 8,
  "lineage": "945b8253-83f2-a7be-b2a4-40f706d8b7dd",
  "outputs": {
    "github_oidc_role_arn": {
      "value": "arn:aws:iam::005965605891:role/GitHubActionsOIDCRole",
      "type": "string"
    },
    "oidc_provider_arn": {
      "value": "arn:aws:iam::005965605891:oidc-provider/token.actions.githubusercontent.com",
      "type": "string"
    }
  },
  "resources": [
    {
      "module": "module.github_oidc",
      "mode": "data",
      "type": "aws_caller_identity",
      "name": "current",
      "provider": "provider[\"registry.terraform.io/hashicorp/aws\"]",
      "instances": [
        {
          "schema_version": 0,
          "attributes": {
            "account_id": "005965605891",
            "arn": "arn:aws:iam::005965605891:user/peter-admin",
            "id": "005965605891",
            "user_id": "AIDAQCY4T5QB6M7YI7QP5"
          },
          "sensitive_attributes": [],
          "identity_schema_version": 0
        }
      ]
    },
    {
      "module": "module.github_oidc",
      "mode": "data",
      "type": "aws_iam_openid_connect_provider",
      "name": "existing",
      "provider": "provider[\"registry.terraform.io/hashicorp/aws\"]",
      "instances": [
        {
          "schema_version": 0,
          "attributes": {
            "arn": "arn:aws:iam::005965605891:oidc-provider/token.actions.githubusercontent.com",
            "client_id_list": [
              "sts.amazonaws.com"
            ],
            "id": "arn:aws:iam::005965605891:oidc-provider/token.actions.githubusercontent.com",
            "tags": {},
            "thumbprint_list": [
              "6938fd4d98bab03faadb97b34396831e3780aea1"
            ],
            "url": "token.actions.githubusercontent.com"
          },
          "sensitive_attributes": [],
          "identity_schema_version": 0
        }
      ]
    },
    {
      "module": "module.github_oidc",
      "mode": "managed",
      "type": "aws_iam_role",
      "name": "github_actions_oidc",
      "provider": "provider[\"registry.terraform.io/hashicorp/aws\"]",
      "instances": [
        {
          "schema_version": 0,
          "attributes": {
            "arn": "arn:aws:iam::005965605891:role/GitHubActionsOIDCRole",
            "assume_role_policy": "{\"Statement\":[{\"Action\":\"sts:AssumeRoleWithWebIdentity\",\"Condition\":{\"StringEquals\":{\"token.actions.githubusercontent.com:aud\":\"sts.amazonaws.com\"},\"StringLike\":{\"token.actions.githubusercontent.com:sub\":\"repo:papaert-cloud/Generic:*\"}},\"Effect\":\"Allow\",\"Principal\":{\"Federated\":\"arn:aws:iam::005965605891:oidc-provider/token.actions.githubusercontent.com\"}}],\"Version\":\"2012-10-17\"}",
            "create_date": "2025-09-18T04:24:55Z",
            "description": "",
            "force_detach_policies": false,
            "id": "GitHubActionsOIDCRole",
            "inline_policy": [],
            "managed_policy_arns": [],
            "max_session_duration": 3600,
            "name": "GitHubActionsOIDCRole",
            "name_prefix": "",
            "path": "/",
            "permissions_boundary": "",
            "tags": null,
            "tags_all": {},
            "unique_id": "AROAQCY4T5QB5GVUXWH6G"
          },
          "sensitive_attributes": [],
          "identity_schema_version": 0,
          "identity": {
            "account_id": "005965605891",
            "name": "GitHubActionsOIDCRole"
          },
          "private": "bnVsbA==",
          "dependencies": [
            "module.github_oidc.aws_iam_openid_connect_provider.maybe_create",
            "module.github_oidc.data.aws_iam_openid_connect_provider.existing"
          ]
        }
      ]
    }
  ],
  "check_results": null
}
